
Microsoft Visual Studio Solution File, Format Version 12.00
# Visual Studio Version 16
VisualStudioVersion = 16.0.30611.23
MinimumVisualStudioVersion = 10.0.40219.1
Project("{FAE04EC0-301F-11D3-BF4B-00C04F79EFBC}") = "ProductsApp", "ProductsApp\ProductsApp.csproj", "{60A447C1-E10E-4F36-80CD-5C55EA7F4B81}"
EndProject
Global
	GlobalSection(SolutionConfigurationPlatforms) = preSolution
		Debug|Any CPU = Debug|Any CPU
		Release|Any CPU = Release|Any CPU
	EndGlobalSection
	GlobalSection(ProjectConfigurationPlatforms) = postSolution
		{60A447C1-E10E-4F36-80CD-5C55EA7F4B81}.Debug|Any CPU.ActiveCfg = Debug|Any CPU
		{60A447C1-E10E-4F36-80CD-5C55EA7F4B81}.Debug|Any CPU.Build.0 = Debug|Any CPU
		{60A447C1-E10E-4F36-80CD-5C55EA7F4B81}.Release|Any CPU.ActiveCfg = Release|Any CPU
		{60A447C1-E10E-4F36-80CD-5C55EA7F4B81}.Release|Any CPU.Build.0 = Release|Any CPU
	EndGlobalSection
	GlobalSection(SolutionProperties) = preSolution
		HideSolutionNode = FALSE
	EndGlobalSection
	GlobalSection(ExtensibilityGlobals) = postSolution
		SolutionGuid = {F88A7685-9444-421A-98F3-CCF5ADD09530}
	EndGlobalSection
EndGlobal
